
Microsoft Visual Studio Solution File, Format Version 12.00
# Visual Studio 15
VisualStudioVersion = 15.0.26730.8
MinimumVisualStudioVersion = 10.0.40219.1
Project("{FAE04EC0-301F-11D3-BF4B-00C04F79EFBC}") = "Laboratorio0_1016816", "Laboratorio0_1016816\Laboratorio0_1016816.csproj", "{34567332-D916-49DB-BA0A-B1A62F1F4837}"
EndProject
Global
	GlobalSection(SolutionConfigurationPlatforms) = preSolution
		Debug|Any CPU = Debug|Any CPU
		Release|Any CPU = Release|Any CPU
	EndGlobalSection
	GlobalSection(ProjectConfigurationPlatforms) = postSolution
		{34567332-D916-49DB-BA0A-B1A62F1F4837}.Debug|Any CPU.ActiveCfg = Debug|Any CPU
		{34567332-D916-49DB-BA0A-B1A62F1F4837}.Debug|Any CPU.Build.0 = Debug|Any CPU
		{34567332-D916-49DB-BA0A-B1A62F1F4837}.Release|Any CPU.ActiveCfg = Release|Any CPU
		{34567332-D916-49DB-BA0A-B1A62F1F4837}.Release|Any CPU.Build.0 = Release|Any CPU
	EndGlobalSection
	GlobalSection(SolutionProperties) = preSolution
		HideSolutionNode = FALSE
	EndGlobalSection
	GlobalSection(ExtensibilityGlobals) = postSolution
		SolutionGuid = {29BBEFE5-4EE8-4025-9FAC-94E02F73CD04}
	EndGlobalSection
EndGlobal
